
Microsoft Visual Studio Solution File, Format Version 12.00
# Visual Studio Version 16
VisualStudioVersion = 16.0.31624.102
MinimumVisualStudioVersion = 10.0.40219.1
Project("{FAE04EC0-301F-11D3-BF4B-00C04F79EFBC}") = "ElevenNote.WebMVC", "ElevenNote.WebMVC\ElevenNote.WebMVC.csproj", "{77CBB14E-F751-44E4-BDF9-D44AD76AE3BC}"
EndProject
Project("{FAE04EC0-301F-11D3-BF4B-00C04F79EFBC}") = "ElevenNote.Data", "ElevenNote.Data\ElevenNote.Data.csproj", "{5E4607A6-771F-4F69-95BD-D95E26684D6C}"
EndProject
Project("{FAE04EC0-301F-11D3-BF4B-00C04F79EFBC}") = "ElevenNote.Models", "ElevenNote.Models\ElevenNote.Models.csproj", "{A8FBD535-B795-423B-8830-EDE3086C5EF3}"
EndProject
Project("{FAE04EC0-301F-11D3-BF4B-00C04F79EFBC}") = "ElevenNote.Services", "ElevenNote.Services\ElevenNote.Services.csproj", "{FA894DEB-12A7-4BBF-8F30-D1B69A758304}"
EndProject
Global
	GlobalSection(SolutionConfigurationPlatforms) = preSolution
		Debug|Any CPU = Debug|Any CPU
		Release|Any CPU = Release|Any CPU
	EndGlobalSection
	GlobalSection(ProjectConfigurationPlatforms) = postSolution
		{77CBB14E-F751-44E4-BDF9-D44AD76AE3BC}.Debug|Any CPU.ActiveCfg = Debug|Any CPU
		{77CBB14E-F751-44E4-BDF9-D44AD76AE3BC}.Debug|Any CPU.Build.0 = Debug|Any CPU
		{77CBB14E-F751-44E4-BDF9-D44AD76AE3BC}.Release|Any CPU.ActiveCfg = Release|Any CPU
		{77CBB14E-F751-44E4-BDF9-D44AD76AE3BC}.Release|Any CPU.Build.0 = Release|Any CPU
		{5E4607A6-771F-4F69-95BD-D95E26684D6C}.Debug|Any CPU.ActiveCfg = Debug|Any CPU
		{5E4607A6-771F-4F69-95BD-D95E26684D6C}.Debug|Any CPU.Build.0 = Debug|Any CPU
		{5E4607A6-771F-4F69-95BD-D95E26684D6C}.Release|Any CPU.ActiveCfg = Release|Any CPU
		{5E4607A6-771F-4F69-95BD-D95E26684D6C}.Release|Any CPU.Build.0 = Release|Any CPU
		{A8FBD535-B795-423B-8830-EDE3086C5EF3}.Debug|Any CPU.ActiveCfg = Debug|Any CPU
		{A8FBD535-B795-423B-8830-EDE3086C5EF3}.Debug|Any CPU.Build.0 = Debug|Any CPU
		{A8FBD535-B795-423B-8830-EDE3086C5EF3}.Release|Any CPU.ActiveCfg = Release|Any CPU
		{A8FBD535-B795-423B-8830-EDE3086C5EF3}.Release|Any CPU.Build.0 = Release|Any CPU
		{FA894DEB-12A7-4BBF-8F30-D1B69A758304}.Debug|Any CPU.ActiveCfg = Debug|Any CPU
		{FA894DEB-12A7-4BBF-8F30-D1B69A758304}.Debug|Any CPU.Build.0 = Debug|Any CPU
		{FA894DEB-12A7-4BBF-8F30-D1B69A758304}.Release|Any CPU.ActiveCfg = Release|Any CPU
		{FA894DEB-12A7-4BBF-8F30-D1B69A758304}.Release|Any CPU.Build.0 = Release|Any CPU
	EndGlobalSection
	GlobalSection(SolutionProperties) = preSolution
		HideSolutionNode = FALSE
	EndGlobalSection
	GlobalSection(ExtensibilityGlobals) = postSolution
		SolutionGuid = {C57D8C46-DBD2-4236-897A-10344584AFDE}
	EndGlobalSection
EndGlobal
